
Microsoft Visual Studio Solution File, Format Version 12.00
# Visual Studio Version 16
VisualStudioVersion = 16.0.29409.12
MinimumVisualStudioVersion = 10.0.40219.1
Project("{FAE04EC0-301F-11D3-BF4B-00C04F79EFBC}") = "Softpush", "Softpush\Softpush.csproj", "{5783B8A8-042B-4090-A6BD-E3C818110644}"
EndProject
Global
	GlobalSection(SolutionConfigurationPlatforms) = preSolution
		Debug|Any CPU = Debug|Any CPU
		Release|Any CPU = Release|Any CPU
	EndGlobalSection
	GlobalSection(ProjectConfigurationPlatforms) = postSolution
		{5783B8A8-042B-4090-A6BD-E3C818110644}.Debug|Any CPU.ActiveCfg = Debug|Any CPU
		{5783B8A8-042B-4090-A6BD-E3C818110644}.Debug|Any CPU.Build.0 = Debug|Any CPU
		{5783B8A8-042B-4090-A6BD-E3C818110644}.Release|Any CPU.ActiveCfg = Release|Any CPU
		{5783B8A8-042B-4090-A6BD-E3C818110644}.Release|Any CPU.Build.0 = Release|Any CPU
	EndGlobalSection
	GlobalSection(SolutionProperties) = preSolution
		HideSolutionNode = FALSE
	EndGlobalSection
	GlobalSection(ExtensibilityGlobals) = postSolution
		SolutionGuid = {CF6A40A8-3947-413F-84D9-67BF648D8F17}
	EndGlobalSection
EndGlobal
